
Microsoft Visual Studio Solution File, Format Version 12.00
# Visual Studio Version 17
VisualStudioVersion = 17.1.32328.378
MinimumVisualStudioVersion = 10.0.40219.1
Project("{FAE04EC0-301F-11D3-BF4B-00C04F79EFBC}") = "BookStore", "BookStore.csproj", "{BBEB602C-7571-4BB7-B177-82E8C8789116}"
EndProject
Global
	GlobalSection(SolutionConfigurationPlatforms) = preSolution
		Debug|Any CPU = Debug|Any CPU
		Release|Any CPU = Release|Any CPU
	EndGlobalSection
	GlobalSection(ProjectConfigurationPlatforms) = postSolution
		{BBEB602C-7571-4BB7-B177-82E8C8789116}.Debug|Any CPU.ActiveCfg = Debug|Any CPU
		{BBEB602C-7571-4BB7-B177-82E8C8789116}.Debug|Any CPU.Build.0 = Debug|Any CPU
		{BBEB602C-7571-4BB7-B177-82E8C8789116}.Release|Any CPU.ActiveCfg = Release|Any CPU
		{BBEB602C-7571-4BB7-B177-82E8C8789116}.Release|Any CPU.Build.0 = Release|Any CPU
	EndGlobalSection
	GlobalSection(SolutionProperties) = preSolution
		HideSolutionNode = FALSE
	EndGlobalSection
	GlobalSection(ExtensibilityGlobals) = postSolution
		SolutionGuid = {92F4580F-3E02-4690-9AF3-BD4FB553B1A0}
	EndGlobalSection
EndGlobal
